
Microsoft Visual Studio Solution File, Format Version 12.00
# Visual Studio Version 16
VisualStudioVersion = 16.0.31702.278
MinimumVisualStudioVersion = 10.0.40219.1
Project("{FAE04EC0-301F-11D3-BF4B-00C04F79EFBC}") = "EmployeeManagement", "EmployeeManagement\EmployeeManagement.csproj", "{07EB4204-3E97-4887-AD6F-600587B46E70}"
EndProject
Global
	GlobalSection(SolutionConfigurationPlatforms) = preSolution
		Debug|Any CPU = Debug|Any CPU
		Release|Any CPU = Release|Any CPU
	EndGlobalSection
	GlobalSection(ProjectConfigurationPlatforms) = postSolution
		{07EB4204-3E97-4887-AD6F-600587B46E70}.Debug|Any CPU.ActiveCfg = Debug|Any CPU
		{07EB4204-3E97-4887-AD6F-600587B46E70}.Debug|Any CPU.Build.0 = Debug|Any CPU
		{07EB4204-3E97-4887-AD6F-600587B46E70}.Release|Any CPU.ActiveCfg = Release|Any CPU
		{07EB4204-3E97-4887-AD6F-600587B46E70}.Release|Any CPU.Build.0 = Release|Any CPU
	EndGlobalSection
	GlobalSection(SolutionProperties) = preSolution
		HideSolutionNode = FALSE
	EndGlobalSection
	GlobalSection(ExtensibilityGlobals) = postSolution
		SolutionGuid = {1D75853A-A16E-4A92-87AD-33C752A33593}
	EndGlobalSection
EndGlobal
